
Microsoft Visual Studio Solution File, Format Version 12.00
# Visual Studio Version 16
VisualStudioVersion = 16.0.30907.101
MinimumVisualStudioVersion = 10.0.40219.1
Project("{9A19103F-16F7-4668-BE54-9A1E7A4F7556}") = "DataAccess", "DataAccess\DataAccess.csproj", "{576BC19A-44BE-4162-8859-E52032672380}"
EndProject
Project("{9A19103F-16F7-4668-BE54-9A1E7A4F7556}") = "Business", "Business\Business.csproj", "{EFBE15F4-2A6A-4963-9332-CCB555A352DB}"
EndProject
Project("{9A19103F-16F7-4668-BE54-9A1E7A4F7556}") = "Entities", "Entities\Entities.csproj", "{D4641B8C-610A-4C63-A7E8-72CCC3B8904C}"
EndProject
Project("{9A19103F-16F7-4668-BE54-9A1E7A4F7556}") = "ConsoleUI", "ConsoleUI\ConsoleUI.csproj", "{5983D8A7-5998-4419-BDB0-9ACE2B4BA851}"
EndProject
Project("{FAE04EC0-301F-11D3-BF4B-00C04F79EFBC}") = "Core", "Core\Core.csproj", "{443BE4F8-80CC-4737-9D69-D6164B8500AD}"
EndProject
Global
	GlobalSection(SolutionConfigurationPlatforms) = preSolution
		Debug|Any CPU = Debug|Any CPU
		Release|Any CPU = Release|Any CPU
	EndGlobalSection
	GlobalSection(ProjectConfigurationPlatforms) = postSolution
		{576BC19A-44BE-4162-8859-E52032672380}.Debug|Any CPU.ActiveCfg = Debug|Any CPU
		{576BC19A-44BE-4162-8859-E52032672380}.Debug|Any CPU.Build.0 = Debug|Any CPU
		{576BC19A-44BE-4162-8859-E52032672380}.Release|Any CPU.ActiveCfg = Release|Any CPU
		{576BC19A-44BE-4162-8859-E52032672380}.Release|Any CPU.Build.0 = Release|Any CPU
		{EFBE15F4-2A6A-4963-9332-CCB555A352DB}.Debug|Any CPU.ActiveCfg = Debug|Any CPU
		{EFBE15F4-2A6A-4963-9332-CCB555A352DB}.Debug|Any CPU.Build.0 = Debug|Any CPU
		{EFBE15F4-2A6A-4963-9332-CCB555A352DB}.Release|Any CPU.ActiveCfg = Release|Any CPU
		{EFBE15F4-2A6A-4963-9332-CCB555A352DB}.Release|Any CPU.Build.0 = Release|Any CPU
		{D4641B8C-610A-4C63-A7E8-72CCC3B8904C}.Debug|Any CPU.ActiveCfg = Debug|Any CPU
		{D4641B8C-610A-4C63-A7E8-72CCC3B8904C}.Debug|Any CPU.Build.0 = Debug|Any CPU
		{D4641B8C-610A-4C63-A7E8-72CCC3B8904C}.Release|Any CPU.ActiveCfg = Release|Any CPU
		{D4641B8C-610A-4C63-A7E8-72CCC3B8904C}.Release|Any CPU.Build.0 = Release|Any CPU
		{5983D8A7-5998-4419-BDB0-9ACE2B4BA851}.Debug|Any CPU.ActiveCfg = Debug|Any CPU
		{5983D8A7-5998-4419-BDB0-9ACE2B4BA851}.Debug|Any CPU.Build.0 = Debug|Any CPU
		{5983D8A7-5998-4419-BDB0-9ACE2B4BA851}.Release|Any CPU.ActiveCfg = Release|Any CPU
		{5983D8A7-5998-4419-BDB0-9ACE2B4BA851}.Release|Any CPU.Build.0 = Release|Any CPU
		{443BE4F8-80CC-4737-9D69-D6164B8500AD}.Debug|Any CPU.ActiveCfg = Debug|Any CPU
		{443BE4F8-80CC-4737-9D69-D6164B8500AD}.Debug|Any CPU.Build.0 = Debug|Any CPU
		{443BE4F8-80CC-4737-9D69-D6164B8500AD}.Release|Any CPU.ActiveCfg = Release|Any CPU
		{443BE4F8-80CC-4737-9D69-D6164B8500AD}.Release|Any CPU.Build.0 = Release|Any CPU
	EndGlobalSection
	GlobalSection(SolutionProperties) = preSolution
		HideSolutionNode = FALSE
	EndGlobalSection
	GlobalSection(ExtensibilityGlobals) = postSolution
		SolutionGuid = {E0240D73-399F-4A03-BCDF-6FE2D772D706}
	EndGlobalSection
EndGlobal
